
Microsoft Visual Studio Solution File, Format Version 12.00
# Visual Studio Version 17
VisualStudioVersion = 17.14.36915.13 d17.14
MinimumVisualStudioVersion = 10.0.40219.1
Project("{FAE04EC0-301F-11D3-BF4B-00C04F79EFBC}") = "CSharpEgitimKampi301.EntityLayer", "CSharpEgitimKampi301.EntityLayer\CSharpEgitimKampi301.EntityLayer.csproj", "{A08896F1-323E-47BD-B33D-8139BB209E72}"
EndProject
Project("{FAE04EC0-301F-11D3-BF4B-00C04F79EFBC}") = "CSharpEgitimKampi301.DataAccessLayer", "CSharpEgitimKampi301.DataAccessLayer\CSharpEgitimKampi301.DataAccessLayer.csproj", "{F7AE4485-75B4-4D1A-8BFE-697502B169F6}"
EndProject
Project("{FAE04EC0-301F-11D3-BF4B-00C04F79EFBC}") = "CSharpEgitimKampi301.BusinessLayer", "CSharpEgitimKampi301.BusinessLayer\CSharpEgitimKampi301.BusinessLayer.csproj", "{4627202A-E8A3-4365-84E3-B7208EF60FAE}"
EndProject
Project("{FAE04EC0-301F-11D3-BF4B-00C04F79EFBC}") = "CSharpEgitimKampi301.PresentationLayer", "CSharpEgitimKampi301.PresentationLayer\CSharpEgitimKampi301.PresentationLayer.csproj", "{CECB9516-2E89-4CF2-9E39-963F4769A4FF}"
EndProject
Global
	GlobalSection(SolutionConfigurationPlatforms) = preSolution
		Debug|Any CPU = Debug|Any CPU
		Release|Any CPU = Release|Any CPU
	EndGlobalSection
	GlobalSection(ProjectConfigurationPlatforms) = postSolution
		{A08896F1-323E-47BD-B33D-8139BB209E72}.Debug|Any CPU.ActiveCfg = Debug|Any CPU
		{A08896F1-323E-47BD-B33D-8139BB209E72}.Debug|Any CPU.Build.0 = Debug|Any CPU
		{A08896F1-323E-47BD-B33D-8139BB209E72}.Release|Any CPU.ActiveCfg = Release|Any CPU
		{A08896F1-323E-47BD-B33D-8139BB209E72}.Release|Any CPU.Build.0 = Release|Any CPU
		{F7AE4485-75B4-4D1A-8BFE-697502B169F6}.Debug|Any CPU.ActiveCfg = Debug|Any CPU
		{F7AE4485-75B4-4D1A-8BFE-697502B169F6}.Debug|Any CPU.Build.0 = Debug|Any CPU
		{F7AE4485-75B4-4D1A-8BFE-697502B169F6}.Release|Any CPU.ActiveCfg = Release|Any CPU
		{F7AE4485-75B4-4D1A-8BFE-697502B169F6}.Release|Any CPU.Build.0 = Release|Any CPU
		{4627202A-E8A3-4365-84E3-B7208EF60FAE}.Debug|Any CPU.ActiveCfg = Debug|Any CPU
		{4627202A-E8A3-4365-84E3-B7208EF60FAE}.Debug|Any CPU.Build.0 = Debug|Any CPU
		{4627202A-E8A3-4365-84E3-B7208EF60FAE}.Release|Any CPU.ActiveCfg = Release|Any CPU
		{4627202A-E8A3-4365-84E3-B7208EF60FAE}.Release|Any CPU.Build.0 = Release|Any CPU
		{CECB9516-2E89-4CF2-9E39-963F4769A4FF}.Debug|Any CPU.ActiveCfg = Debug|Any CPU
		{CECB9516-2E89-4CF2-9E39-963F4769A4FF}.Debug|Any CPU.Build.0 = Debug|Any CPU
		{CECB9516-2E89-4CF2-9E39-963F4769A4FF}.Release|Any CPU.ActiveCfg = Release|Any CPU
		{CECB9516-2E89-4CF2-9E39-963F4769A4FF}.Release|Any CPU.Build.0 = Release|Any CPU
	EndGlobalSection
	GlobalSection(SolutionProperties) = preSolution
		HideSolutionNode = FALSE
	EndGlobalSection
	GlobalSection(ExtensibilityGlobals) = postSolution
		SolutionGuid = {8EC3DBFA-0846-44F6-82EC-50932781B551}
	EndGlobalSection
EndGlobal
